
Microsoft Visual Studio Solution File, Format Version 12.00
# Visual Studio 15
VisualStudioVersion = 15.0.26430.16
MinimumVisualStudioVersion = 10.0.40219.1
Project("{FAE04EC0-301F-11D3-BF4B-00C04F79EFBC}") = "Frankfurt.Api.Host", "Frankfurt.Api.Host\Frankfurt.Api.Host.csproj", "{8BA20F19-889C-4C31-861F-8DB34A7017E5}"
EndProject
Project("{FAE04EC0-301F-11D3-BF4B-00C04F79EFBC}") = "Frankfurt.Model", "Frankfurt.Model\Frankfurt.Model.csproj", "{8E7D9A6B-3872-4DC5-A3BB-A22E5EEF4DBA}"
EndProject
Project("{FAE04EC0-301F-11D3-BF4B-00C04F79EFBC}") = "Frankfurt.DataAccess", "Frankfurt.DataAccess\Frankfurt.DataAccess.csproj", "{23710868-7513-46C5-A2F4-C62DEE3DDDF1}"
EndProject
Global
	GlobalSection(SolutionConfigurationPlatforms) = preSolution
		Debug|Any CPU = Debug|Any CPU
		Release|Any CPU = Release|Any CPU
	EndGlobalSection
	GlobalSection(ProjectConfigurationPlatforms) = postSolution
		{8BA20F19-889C-4C31-861F-8DB34A7017E5}.Debug|Any CPU.ActiveCfg = Debug|Any CPU
		{8BA20F19-889C-4C31-861F-8DB34A7017E5}.Debug|Any CPU.Build.0 = Debug|Any CPU
		{8BA20F19-889C-4C31-861F-8DB34A7017E5}.Release|Any CPU.ActiveCfg = Release|Any CPU
		{8BA20F19-889C-4C31-861F-8DB34A7017E5}.Release|Any CPU.Build.0 = Release|Any CPU
		{8E7D9A6B-3872-4DC5-A3BB-A22E5EEF4DBA}.Debug|Any CPU.ActiveCfg = Debug|Any CPU
		{8E7D9A6B-3872-4DC5-A3BB-A22E5EEF4DBA}.Debug|Any CPU.Build.0 = Debug|Any CPU
		{8E7D9A6B-3872-4DC5-A3BB-A22E5EEF4DBA}.Release|Any CPU.ActiveCfg = Release|Any CPU
		{8E7D9A6B-3872-4DC5-A3BB-A22E5EEF4DBA}.Release|Any CPU.Build.0 = Release|Any CPU
		{23710868-7513-46C5-A2F4-C62DEE3DDDF1}.Debug|Any CPU.ActiveCfg = Debug|Any CPU
		{23710868-7513-46C5-A2F4-C62DEE3DDDF1}.Debug|Any CPU.Build.0 = Debug|Any CPU
		{23710868-7513-46C5-A2F4-C62DEE3DDDF1}.Release|Any CPU.ActiveCfg = Release|Any CPU
		{23710868-7513-46C5-A2F4-C62DEE3DDDF1}.Release|Any CPU.Build.0 = Release|Any CPU
	EndGlobalSection
	GlobalSection(SolutionProperties) = preSolution
		HideSolutionNode = FALSE
	EndGlobalSection
EndGlobal
